
Microsoft Visual Studio Solution File, Format Version 12.00
# Visual Studio Version 17
VisualStudioVersion = 17.14.36310.24 d17.14
MinimumVisualStudioVersion = 10.0.40219.1
Project("{FAE04EC0-301F-11D3-BF4B-00C04F79EFBC}") = "ManualWordReversal", "ManualWordReversal.csproj", "{D6CF7ECE-D252-4A90-984C-9BDD29337DA0}"
EndProject
Global
	GlobalSection(SolutionConfigurationPlatforms) = preSolution
		Debug|Any CPU = Debug|Any CPU
		Release|Any CPU = Release|Any CPU
	EndGlobalSection
	GlobalSection(ProjectConfigurationPlatforms) = postSolution
		{D6CF7ECE-D252-4A90-984C-9BDD29337DA0}.Debug|Any CPU.ActiveCfg = Debug|Any CPU
		{D6CF7ECE-D252-4A90-984C-9BDD29337DA0}.Debug|Any CPU.Build.0 = Debug|Any CPU
		{D6CF7ECE-D252-4A90-984C-9BDD29337DA0}.Release|Any CPU.ActiveCfg = Release|Any CPU
		{D6CF7ECE-D252-4A90-984C-9BDD29337DA0}.Release|Any CPU.Build.0 = Release|Any CPU
	EndGlobalSection
	GlobalSection(SolutionProperties) = preSolution
		HideSolutionNode = FALSE
	EndGlobalSection
	GlobalSection(ExtensibilityGlobals) = postSolution
		SolutionGuid = {A4F55FBD-C5D6-4C91-9001-E23D343484BB}
	EndGlobalSection
EndGlobal
